
Microsoft Visual Studio Solution File, Format Version 12.00
# Visual Studio Version 17
VisualStudioVersion = 17.3.32929.385
MinimumVisualStudioVersion = 10.0.40219.1
Project("{FAE04EC0-301F-11D3-BF4B-00C04F79EFBC}") = "algLab-3", "algLab-3\algLab-3.csproj", "{4207D80A-CFFB-4787-A993-308B5222A357}"
EndProject
Global
	GlobalSection(SolutionConfigurationPlatforms) = preSolution
		Debug|Any CPU = Debug|Any CPU
		Release|Any CPU = Release|Any CPU
	EndGlobalSection
	GlobalSection(ProjectConfigurationPlatforms) = postSolution
		{4207D80A-CFFB-4787-A993-308B5222A357}.Debug|Any CPU.ActiveCfg = Debug|Any CPU
		{4207D80A-CFFB-4787-A993-308B5222A357}.Debug|Any CPU.Build.0 = Debug|Any CPU
		{4207D80A-CFFB-4787-A993-308B5222A357}.Release|Any CPU.ActiveCfg = Release|Any CPU
		{4207D80A-CFFB-4787-A993-308B5222A357}.Release|Any CPU.Build.0 = Release|Any CPU
	EndGlobalSection
	GlobalSection(SolutionProperties) = preSolution
		HideSolutionNode = FALSE
	EndGlobalSection
	GlobalSection(ExtensibilityGlobals) = postSolution
		SolutionGuid = {B5BA9A1A-C270-4DB2-B8C7-C2A08630224C}
	EndGlobalSection
EndGlobal
